
Microsoft Visual Studio Solution File, Format Version 12.00
# Visual Studio 2012
Project("{FAE04EC0-301F-11D3-BF4B-00C04F79EFBC}") = "SharpBlog", "SharpBlog\SharpBlog.csproj", "{2BCA3FA6-AA7A-48DA-AFE2-694ADDC92C4A}"
EndProject
Project("{FAE04EC0-301F-11D3-BF4B-00C04F79EFBC}") = "SharpBlog.Tests", "SharpBlog.Tests\SharpBlog.Tests.csproj", "{6E017359-6B8A-4807-8F5C-F32AB7FDBED8}"
EndProject
Project("{2150E333-8FDC-42A3-9474-1A3956D46DE8}") = ".nuget", ".nuget", "{0E0070D4-DAE7-4FA8-BB7C-AB9E748A4CDC}"
	ProjectSection(SolutionItems) = preProject
		.nuget\NuGet.Config = .nuget\NuGet.Config
		.nuget\NuGet.exe = .nuget\NuGet.exe
		.nuget\NuGet.targets = .nuget\NuGet.targets
	EndProjectSection
EndProject
Global
	GlobalSection(SolutionConfigurationPlatforms) = preSolution
		Debug|Any CPU = Debug|Any CPU
		Release|Any CPU = Release|Any CPU
	EndGlobalSection
	GlobalSection(ProjectConfigurationPlatforms) = postSolution
		{2BCA3FA6-AA7A-48DA-AFE2-694ADDC92C4A}.Debug|Any CPU.ActiveCfg = Debug|Any CPU
		{2BCA3FA6-AA7A-48DA-AFE2-694ADDC92C4A}.Debug|Any CPU.Build.0 = Debug|Any CPU
		{2BCA3FA6-AA7A-48DA-AFE2-694ADDC92C4A}.Release|Any CPU.ActiveCfg = Release|Any CPU
		{2BCA3FA6-AA7A-48DA-AFE2-694ADDC92C4A}.Release|Any CPU.Build.0 = Release|Any CPU
		{6E017359-6B8A-4807-8F5C-F32AB7FDBED8}.Debug|Any CPU.ActiveCfg = Debug|Any CPU
		{6E017359-6B8A-4807-8F5C-F32AB7FDBED8}.Debug|Any CPU.Build.0 = Debug|Any CPU
		{6E017359-6B8A-4807-8F5C-F32AB7FDBED8}.Release|Any CPU.ActiveCfg = Release|Any CPU
		{6E017359-6B8A-4807-8F5C-F32AB7FDBED8}.Release|Any CPU.Build.0 = Release|Any CPU
	EndGlobalSection
	GlobalSection(SolutionProperties) = preSolution
		HideSolutionNode = FALSE
	EndGlobalSection
EndGlobal
